
Microsoft Visual Studio Solution File, Format Version 12.00
# Visual Studio Version 16
VisualStudioVersion = 16.0.28714.193
MinimumVisualStudioVersion = 10.0.40219.1
Project("{9A19103F-16F7-4668-BE54-9A1E7A4F7556}") = "BtcMarkets.Core", "BtcMarkets\BtcMarkets.Core\BtcMarkets.Core.csproj", "{4D3CAC7D-C88C-4D1A-90BD-17E6E2EAEE67}"
EndProject
Project("{9A19103F-16F7-4668-BE54-9A1E7A4F7556}") = "EngineIoClientDotNet.netstandard20", "BtcMarkets\EngineIoClientDotNet.netstandard20\EngineIoClientDotNet.netstandard20.csproj", "{78C01B71-089A-4F96-A8CB-8F4E22B1635D}"
EndProject
Project("{9A19103F-16F7-4668-BE54-9A1E7A4F7556}") = "SocketIoClientDotNet", "BtcMarkets\SocketIoClientDotNet\SocketIoClientDotNet.csproj", "{09CB6418-9C4F-4E3F-9540-4466E7FCC39F}"
EndProject
Project("{9A19103F-16F7-4668-BE54-9A1E7A4F7556}") = "BtcMarkets.Core.Tests", "BtcMarkets\BtcMarkets.Core.Tests\BtcMarkets.Core.Tests.csproj", "{B46DFC00-2472-4D47-A0A8-30C0B585418E}"
EndProject
Project("{9A19103F-16F7-4668-BE54-9A1E7A4F7556}") = "BtcMarkets.Wallet", "BtcMarkets\BtcMarkets.Wallet\BtcMarkets.Wallet.csproj", "{9D2683F5-C993-41D0-9B42-8260809E1130}"
EndProject
Project("{FAE04EC0-301F-11D3-BF4B-00C04F79EFBC}") = "BtcMarkets.Wallet.Android", "BtcMarkets\BtcMarkets.Wallet.Android\BtcMarkets.Wallet.Android.csproj", "{9A16CB18-34FE-4ACD-B738-0D6EF189B21B}"
EndProject
Project("{FAE04EC0-301F-11D3-BF4B-00C04F79EFBC}") = "BtcMarkets.Wallet.iOS", "BtcMarkets\BtcMarkets.Wallet.iOS\BtcMarkets.Wallet.iOS.csproj", "{B7F0EE6D-C6AE-49BB-AFB0-910863D3F198}"
EndProject
Project("{FAE04EC0-301F-11D3-BF4B-00C04F79EFBC}") = "BtcMarkets.Wallet.Core", "BtcMarkets.Wallet.Core\BtcMarkets.Wallet.Core.csproj", "{B4065FD6-49CE-4458-BFB0-30D8D32AB213}"
EndProject
Project("{FAE04EC0-301F-11D3-BF4B-00C04F79EFBC}") = "BtcMarkets.Wallet.AndroidNative", "BtcMarkets.Wallet.AndroidNative\BtcMarkets.Wallet.AndroidNative.csproj", "{B928049B-A506-4F65-8F11-4A2849A8D238}"
EndProject
Global
	GlobalSection(SolutionConfigurationPlatforms) = preSolution
		Debug|Any CPU = Debug|Any CPU
		Debug|iPhone = Debug|iPhone
		Debug|iPhoneSimulator = Debug|iPhoneSimulator
		Release|Any CPU = Release|Any CPU
		Release|iPhone = Release|iPhone
		Release|iPhoneSimulator = Release|iPhoneSimulator
	EndGlobalSection
	GlobalSection(ProjectConfigurationPlatforms) = postSolution
		{4D3CAC7D-C88C-4D1A-90BD-17E6E2EAEE67}.Debug|Any CPU.ActiveCfg = Debug|Any CPU
		{4D3CAC7D-C88C-4D1A-90BD-17E6E2EAEE67}.Debug|Any CPU.Build.0 = Debug|Any CPU
		{4D3CAC7D-C88C-4D1A-90BD-17E6E2EAEE67}.Debug|iPhone.ActiveCfg = Debug|Any CPU
		{4D3CAC7D-C88C-4D1A-90BD-17E6E2EAEE67}.Debug|iPhone.Build.0 = Debug|Any CPU
		{4D3CAC7D-C88C-4D1A-90BD-17E6E2EAEE67}.Debug|iPhoneSimulator.ActiveCfg = Debug|Any CPU
		{4D3CAC7D-C88C-4D1A-90BD-17E6E2EAEE67}.Debug|iPhoneSimulator.Build.0 = Debug|Any CPU
		{4D3CAC7D-C88C-4D1A-90BD-17E6E2EAEE67}.Release|Any CPU.ActiveCfg = Release|Any CPU
		{4D3CAC7D-C88C-4D1A-90BD-17E6E2EAEE67}.Release|Any CPU.Build.0 = Release|Any CPU
		{4D3CAC7D-C88C-4D1A-90BD-17E6E2EAEE67}.Release|iPhone.ActiveCfg = Release|Any CPU
		{4D3CAC7D-C88C-4D1A-90BD-17E6E2EAEE67}.Release|iPhone.Build.0 = Release|Any CPU
		{4D3CAC7D-C88C-4D1A-90BD-17E6E2EAEE67}.Release|iPhoneSimulator.ActiveCfg = Release|Any CPU
		{4D3CAC7D-C88C-4D1A-90BD-17E6E2EAEE67}.Release|iPhoneSimulator.Build.0 = Release|Any CPU
		{78C01B71-089A-4F96-A8CB-8F4E22B1635D}.Debug|Any CPU.ActiveCfg = Debug|Any CPU
		{78C01B71-089A-4F96-A8CB-8F4E22B1635D}.Debug|Any CPU.Build.0 = Debug|Any CPU
		{78C01B71-089A-4F96-A8CB-8F4E22B1635D}.Debug|iPhone.ActiveCfg = Debug|Any CPU
		{78C01B71-089A-4F96-A8CB-8F4E22B1635D}.Debug|iPhone.Build.0 = Debug|Any CPU
		{78C01B71-089A-4F96-A8CB-8F4E22B1635D}.Debug|iPhoneSimulator.ActiveCfg = Debug|Any CPU
		{78C01B71-089A-4F96-A8CB-8F4E22B1635D}.Debug|iPhoneSimulator.Build.0 = Debug|Any CPU
		{78C01B71-089A-4F96-A8CB-8F4E22B1635D}.Release|Any CPU.ActiveCfg = Release|Any CPU
		{78C01B71-089A-4F96-A8CB-8F4E22B1635D}.Release|Any CPU.Build.0 = Release|Any CPU
		{78C01B71-089A-4F96-A8CB-8F4E22B1635D}.Release|iPhone.ActiveCfg = Release|Any CPU
		{78C01B71-089A-4F96-A8CB-8F4E22B1635D}.Release|iPhone.Build.0 = Release|Any CPU
		{78C01B71-089A-4F96-A8CB-8F4E22B1635D}.Release|iPhoneSimulator.ActiveCfg = Release|Any CPU
		{78C01B71-089A-4F96-A8CB-8F4E22B1635D}.Release|iPhoneSimulator.Build.0 = Release|Any CPU
		{09CB6418-9C4F-4E3F-9540-4466E7FCC39F}.Debug|Any CPU.ActiveCfg = Debug|Any CPU
		{09CB6418-9C4F-4E3F-9540-4466E7FCC39F}.Debug|Any CPU.Build.0 = Debug|Any CPU
		{09CB6418-9C4F-4E3F-9540-4466E7FCC39F}.Debug|iPhone.ActiveCfg = Debug|Any CPU
		{09CB6418-9C4F-4E3F-9540-4466E7FCC39F}.Debug|iPhone.Build.0 = Debug|Any CPU
		{09CB6418-9C4F-4E3F-9540-4466E7FCC39F}.Debug|iPhoneSimulator.ActiveCfg = Debug|Any CPU
		{09CB6418-9C4F-4E3F-9540-4466E7FCC39F}.Debug|iPhoneSimulator.Build.0 = Debug|Any CPU
		{09CB6418-9C4F-4E3F-9540-4466E7FCC39F}.Release|Any CPU.ActiveCfg = Release|Any CPU
		{09CB6418-9C4F-4E3F-9540-4466E7FCC39F}.Release|Any CPU.Build.0 = Release|Any CPU
		{09CB6418-9C4F-4E3F-9540-4466E7FCC39F}.Release|iPhone.ActiveCfg = Release|Any CPU
		{09CB6418-9C4F-4E3F-9540-4466E7FCC39F}.Release|iPhone.Build.0 = Release|Any CPU
		{09CB6418-9C4F-4E3F-9540-4466E7FCC39F}.Release|iPhoneSimulator.ActiveCfg = Release|Any CPU
		{09CB6418-9C4F-4E3F-9540-4466E7FCC39F}.Release|iPhoneSimulator.Build.0 = Release|Any CPU
		{B46DFC00-2472-4D47-A0A8-30C0B585418E}.Debug|Any CPU.ActiveCfg = Debug|Any CPU
		{B46DFC00-2472-4D47-A0A8-30C0B585418E}.Debug|Any CPU.Build.0 = Debug|Any CPU
		{B46DFC00-2472-4D47-A0A8-30C0B585418E}.Debug|iPhone.ActiveCfg = Debug|Any CPU
		{B46DFC00-2472-4D47-A0A8-30C0B585418E}.Debug|iPhone.Build.0 = Debug|Any CPU
		{B46DFC00-2472-4D47-A0A8-30C0B585418E}.Debug|iPhoneSimulator.ActiveCfg = Debug|Any CPU
		{B46DFC00-2472-4D47-A0A8-30C0B585418E}.Debug|iPhoneSimulator.Build.0 = Debug|Any CPU
		{B46DFC00-2472-4D47-A0A8-30C0B585418E}.Release|Any CPU.ActiveCfg = Release|Any CPU
		{B46DFC00-2472-4D47-A0A8-30C0B585418E}.Release|Any CPU.Build.0 = Release|Any CPU
		{B46DFC00-2472-4D47-A0A8-30C0B585418E}.Release|iPhone.ActiveCfg = Release|Any CPU
		{B46DFC00-2472-4D47-A0A8-30C0B585418E}.Release|iPhone.Build.0 = Release|Any CPU
		{B46DFC00-2472-4D47-A0A8-30C0B585418E}.Release|iPhoneSimulator.ActiveCfg = Release|Any CPU
		{B46DFC00-2472-4D47-A0A8-30C0B585418E}.Release|iPhoneSimulator.Build.0 = Release|Any CPU
		{9D2683F5-C993-41D0-9B42-8260809E1130}.Debug|Any CPU.ActiveCfg = Debug|Any CPU
		{9D2683F5-C993-41D0-9B42-8260809E1130}.Debug|Any CPU.Build.0 = Debug|Any CPU
		{9D2683F5-C993-41D0-9B42-8260809E1130}.Debug|iPhone.ActiveCfg = Debug|Any CPU
		{9D2683F5-C993-41D0-9B42-8260809E1130}.Debug|iPhone.Build.0 = Debug|Any CPU
		{9D2683F5-C993-41D0-9B42-8260809E1130}.Debug|iPhoneSimulator.ActiveCfg = Debug|Any CPU
		{9D2683F5-C993-41D0-9B42-8260809E1130}.Debug|iPhoneSimulator.Build.0 = Debug|Any CPU
		{9D2683F5-C993-41D0-9B42-8260809E1130}.Release|Any CPU.ActiveCfg = Release|Any CPU
		{9D2683F5-C993-41D0-9B42-8260809E1130}.Release|Any CPU.Build.0 = Release|Any CPU
		{9D2683F5-C993-41D0-9B42-8260809E1130}.Release|iPhone.ActiveCfg = Release|Any CPU
		{9D2683F5-C993-41D0-9B42-8260809E1130}.Release|iPhone.Build.0 = Release|Any CPU
		{9D2683F5-C993-41D0-9B42-8260809E1130}.Release|iPhoneSimulator.ActiveCfg = Release|Any CPU
		{9D2683F5-C993-41D0-9B42-8260809E1130}.Release|iPhoneSimulator.Build.0 = Release|Any CPU
		{9A16CB18-34FE-4ACD-B738-0D6EF189B21B}.Debug|Any CPU.ActiveCfg = Debug|Any CPU
		{9A16CB18-34FE-4ACD-B738-0D6EF189B21B}.Debug|Any CPU.Build.0 = Debug|Any CPU
		{9A16CB18-34FE-4ACD-B738-0D6EF189B21B}.Debug|Any CPU.Deploy.0 = Debug|Any CPU
		{9A16CB18-34FE-4ACD-B738-0D6EF189B21B}.Debug|iPhone.ActiveCfg = Debug|Any CPU
		{9A16CB18-34FE-4ACD-B738-0D6EF189B21B}.Debug|iPhone.Build.0 = Debug|Any CPU
		{9A16CB18-34FE-4ACD-B738-0D6EF189B21B}.Debug|iPhone.Deploy.0 = Debug|Any CPU
		{9A16CB18-34FE-4ACD-B738-0D6EF189B21B}.Debug|iPhoneSimulator.ActiveCfg = Debug|Any CPU
		{9A16CB18-34FE-4ACD-B738-0D6EF189B21B}.Debug|iPhoneSimulator.Build.0 = Debug|Any CPU
		{9A16CB18-34FE-4ACD-B738-0D6EF189B21B}.Debug|iPhoneSimulator.Deploy.0 = Debug|Any CPU
		{9A16CB18-34FE-4ACD-B738-0D6EF189B21B}.Release|Any CPU.ActiveCfg = Release|Any CPU
		{9A16CB18-34FE-4ACD-B738-0D6EF189B21B}.Release|Any CPU.Build.0 = Release|Any CPU
		{9A16CB18-34FE-4ACD-B738-0D6EF189B21B}.Release|Any CPU.Deploy.0 = Release|Any CPU
		{9A16CB18-34FE-4ACD-B738-0D6EF189B21B}.Release|iPhone.ActiveCfg = Release|Any CPU
		{9A16CB18-34FE-4ACD-B738-0D6EF189B21B}.Release|iPhone.Build.0 = Release|Any CPU
		{9A16CB18-34FE-4ACD-B738-0D6EF189B21B}.Release|iPhone.Deploy.0 = Release|Any CPU
		{9A16CB18-34FE-4ACD-B738-0D6EF189B21B}.Release|iPhoneSimulator.ActiveCfg = Release|Any CPU
		{9A16CB18-34FE-4ACD-B738-0D6EF189B21B}.Release|iPhoneSimulator.Build.0 = Release|Any CPU
		{9A16CB18-34FE-4ACD-B738-0D6EF189B21B}.Release|iPhoneSimulator.Deploy.0 = Release|Any CPU
		{B7F0EE6D-C6AE-49BB-AFB0-910863D3F198}.Debug|Any CPU.ActiveCfg = Debug|iPhone
		{B7F0EE6D-C6AE-49BB-AFB0-910863D3F198}.Debug|iPhone.ActiveCfg = Debug|iPhone
		{B7F0EE6D-C6AE-49BB-AFB0-910863D3F198}.Debug|iPhone.Build.0 = Debug|iPhone
		{B7F0EE6D-C6AE-49BB-AFB0-910863D3F198}.Debug|iPhoneSimulator.ActiveCfg = Debug|iPhoneSimulator
		{B7F0EE6D-C6AE-49BB-AFB0-910863D3F198}.Debug|iPhoneSimulator.Build.0 = Debug|iPhoneSimulator
		{B7F0EE6D-C6AE-49BB-AFB0-910863D3F198}.Release|Any CPU.ActiveCfg = Release|iPhone
		{B7F0EE6D-C6AE-49BB-AFB0-910863D3F198}.Release|iPhone.ActiveCfg = Release|iPhone
		{B7F0EE6D-C6AE-49BB-AFB0-910863D3F198}.Release|iPhone.Build.0 = Release|iPhone
		{B7F0EE6D-C6AE-49BB-AFB0-910863D3F198}.Release|iPhoneSimulator.ActiveCfg = Release|iPhoneSimulator
		{B7F0EE6D-C6AE-49BB-AFB0-910863D3F198}.Release|iPhoneSimulator.Build.0 = Release|iPhoneSimulator
		{B4065FD6-49CE-4458-BFB0-30D8D32AB213}.Debug|Any CPU.ActiveCfg = Debug|Any CPU
		{B4065FD6-49CE-4458-BFB0-30D8D32AB213}.Debug|Any CPU.Build.0 = Debug|Any CPU
		{B4065FD6-49CE-4458-BFB0-30D8D32AB213}.Debug|iPhone.ActiveCfg = Debug|Any CPU
		{B4065FD6-49CE-4458-BFB0-30D8D32AB213}.Debug|iPhone.Build.0 = Debug|Any CPU
		{B4065FD6-49CE-4458-BFB0-30D8D32AB213}.Debug|iPhoneSimulator.ActiveCfg = Debug|Any CPU
		{B4065FD6-49CE-4458-BFB0-30D8D32AB213}.Debug|iPhoneSimulator.Build.0 = Debug|Any CPU
		{B4065FD6-49CE-4458-BFB0-30D8D32AB213}.Release|Any CPU.ActiveCfg = Release|Any CPU
		{B4065FD6-49CE-4458-BFB0-30D8D32AB213}.Release|Any CPU.Build.0 = Release|Any CPU
		{B4065FD6-49CE-4458-BFB0-30D8D32AB213}.Release|iPhone.ActiveCfg = Release|Any CPU
		{B4065FD6-49CE-4458-BFB0-30D8D32AB213}.Release|iPhone.Build.0 = Release|Any CPU
		{B4065FD6-49CE-4458-BFB0-30D8D32AB213}.Release|iPhoneSimulator.ActiveCfg = Release|Any CPU
		{B4065FD6-49CE-4458-BFB0-30D8D32AB213}.Release|iPhoneSimulator.Build.0 = Release|Any CPU
		{B928049B-A506-4F65-8F11-4A2849A8D238}.Debug|Any CPU.ActiveCfg = Debug|Any CPU
		{B928049B-A506-4F65-8F11-4A2849A8D238}.Debug|Any CPU.Build.0 = Debug|Any CPU
		{B928049B-A506-4F65-8F11-4A2849A8D238}.Debug|Any CPU.Deploy.0 = Debug|Any CPU
		{B928049B-A506-4F65-8F11-4A2849A8D238}.Debug|iPhone.ActiveCfg = Debug|Any CPU
		{B928049B-A506-4F65-8F11-4A2849A8D238}.Debug|iPhone.Build.0 = Debug|Any CPU
		{B928049B-A506-4F65-8F11-4A2849A8D238}.Debug|iPhone.Deploy.0 = Debug|Any CPU
		{B928049B-A506-4F65-8F11-4A2849A8D238}.Debug|iPhoneSimulator.ActiveCfg = Debug|Any CPU
		{B928049B-A506-4F65-8F11-4A2849A8D238}.Debug|iPhoneSimulator.Build.0 = Debug|Any CPU
		{B928049B-A506-4F65-8F11-4A2849A8D238}.Debug|iPhoneSimulator.Deploy.0 = Debug|Any CPU
		{B928049B-A506-4F65-8F11-4A2849A8D238}.Release|Any CPU.ActiveCfg = Release|Any CPU
		{B928049B-A506-4F65-8F11-4A2849A8D238}.Release|Any CPU.Build.0 = Release|Any CPU
		{B928049B-A506-4F65-8F11-4A2849A8D238}.Release|Any CPU.Deploy.0 = Release|Any CPU
		{B928049B-A506-4F65-8F11-4A2849A8D238}.Release|iPhone.ActiveCfg = Release|Any CPU
		{B928049B-A506-4F65-8F11-4A2849A8D238}.Release|iPhone.Build.0 = Release|Any CPU
		{B928049B-A506-4F65-8F11-4A2849A8D238}.Release|iPhone.Deploy.0 = Release|Any CPU
		{B928049B-A506-4F65-8F11-4A2849A8D238}.Release|iPhoneSimulator.ActiveCfg = Release|Any CPU
		{B928049B-A506-4F65-8F11-4A2849A8D238}.Release|iPhoneSimulator.Build.0 = Release|Any CPU
		{B928049B-A506-4F65-8F11-4A2849A8D238}.Release|iPhoneSimulator.Deploy.0 = Release|Any CPU
	EndGlobalSection
	GlobalSection(SolutionProperties) = preSolution
		HideSolutionNode = FALSE
	EndGlobalSection
	GlobalSection(ExtensibilityGlobals) = postSolution
		SolutionGuid = {E7E07D40-0E29-48D8-930E-85ED87191B47}
	EndGlobalSection
EndGlobal
